
Microsoft Visual Studio Solution File, Format Version 12.00
# Visual Studio 15
VisualStudioVersion = 15.0.27428.2015
MinimumVisualStudioVersion = 10.0.40219.1
Project("{FAE04EC0-301F-11D3-BF4B-00C04F79EFBC}") = "SimpleDomain", "SimpleDomain\SimpleDomain.csproj", "{93AA5169-3E63-4960-99F1-B1467CCFB0D5}"
EndProject
Project("{FAE04EC0-301F-11D3-BF4B-00C04F79EFBC}") = "SimpleDomain.Facts", "SimpleDomain.Facts\SimpleDomain.Facts.csproj", "{28C4EC36-F227-4A56-8611-8138E0B08172}"
EndProject
Project("{2150E333-8FDC-42A3-9474-1A3956D46DE8}") = "IoC Support", "IoC Support", "{A3114E77-54BE-4976-A9E7-B2E17737B901}"
EndProject
Project("{FAE04EC0-301F-11D3-BF4B-00C04F79EFBC}") = "SimpleDomain.Ninject", "SimpleDomain.Ninject\SimpleDomain.Ninject.csproj", "{B6B08B81-9A03-44D2-8AF7-FBBD8610875C}"
EndProject
Project("{FAE04EC0-301F-11D3-BF4B-00C04F79EFBC}") = "SimpleDomain.Ninject.Facts", "SimpleDomain.Ninject.Facts\SimpleDomain.Ninject.Facts.csproj", "{1FDFD1E7-CC0B-4A69-A315-E26D1D6CFD34}"
EndProject
Project("{2150E333-8FDC-42A3-9474-1A3956D46DE8}") = "Persistence", "Persistence", "{583AE8A2-1E0B-4EA1-B9EB-D3845609B296}"
EndProject
Project("{FAE04EC0-301F-11D3-BF4B-00C04F79EFBC}") = "SimpleDomain.Persistence.GetEventStore", "SimpleDomain.Persistence.GetEventStore\SimpleDomain.Persistence.GetEventStore.csproj", "{92DD0F99-4235-44BC-B540-910510B12975}"
EndProject
Project("{FAE04EC0-301F-11D3-BF4B-00C04F79EFBC}") = "SimpleDomain.Persistence.GetEventStore.Facts", "SimpleDomain.Persistence.GetEventStore.Facts\SimpleDomain.Persistence.GetEventStore.Facts.csproj", "{A113E3A7-7361-40EB-9006-B366CDC90AF2}"
EndProject
Project("{FAE04EC0-301F-11D3-BF4B-00C04F79EFBC}") = "SimpleDomain.TestDoubles", "SimpleDomain.TestDoubles\SimpleDomain.TestDoubles.csproj", "{95D29B56-5AFE-4267-A3ED-F3A80685EE0C}"
EndProject
Global
	GlobalSection(SolutionConfigurationPlatforms) = preSolution
		Debug|Any CPU = Debug|Any CPU
		Release|Any CPU = Release|Any CPU
	EndGlobalSection
	GlobalSection(ProjectConfigurationPlatforms) = postSolution
		{93AA5169-3E63-4960-99F1-B1467CCFB0D5}.Debug|Any CPU.ActiveCfg = Debug|Any CPU
		{93AA5169-3E63-4960-99F1-B1467CCFB0D5}.Debug|Any CPU.Build.0 = Debug|Any CPU
		{93AA5169-3E63-4960-99F1-B1467CCFB0D5}.Release|Any CPU.ActiveCfg = Release|Any CPU
		{93AA5169-3E63-4960-99F1-B1467CCFB0D5}.Release|Any CPU.Build.0 = Release|Any CPU
		{28C4EC36-F227-4A56-8611-8138E0B08172}.Debug|Any CPU.ActiveCfg = Debug|Any CPU
		{28C4EC36-F227-4A56-8611-8138E0B08172}.Debug|Any CPU.Build.0 = Debug|Any CPU
		{28C4EC36-F227-4A56-8611-8138E0B08172}.Release|Any CPU.ActiveCfg = Release|Any CPU
		{28C4EC36-F227-4A56-8611-8138E0B08172}.Release|Any CPU.Build.0 = Release|Any CPU
		{B6B08B81-9A03-44D2-8AF7-FBBD8610875C}.Debug|Any CPU.ActiveCfg = Debug|Any CPU
		{B6B08B81-9A03-44D2-8AF7-FBBD8610875C}.Debug|Any CPU.Build.0 = Debug|Any CPU
		{B6B08B81-9A03-44D2-8AF7-FBBD8610875C}.Release|Any CPU.ActiveCfg = Release|Any CPU
		{B6B08B81-9A03-44D2-8AF7-FBBD8610875C}.Release|Any CPU.Build.0 = Release|Any CPU
		{1FDFD1E7-CC0B-4A69-A315-E26D1D6CFD34}.Debug|Any CPU.ActiveCfg = Debug|Any CPU
		{1FDFD1E7-CC0B-4A69-A315-E26D1D6CFD34}.Debug|Any CPU.Build.0 = Debug|Any CPU
		{1FDFD1E7-CC0B-4A69-A315-E26D1D6CFD34}.Release|Any CPU.ActiveCfg = Release|Any CPU
		{1FDFD1E7-CC0B-4A69-A315-E26D1D6CFD34}.Release|Any CPU.Build.0 = Release|Any CPU
		{92DD0F99-4235-44BC-B540-910510B12975}.Debug|Any CPU.ActiveCfg = Debug|Any CPU
		{92DD0F99-4235-44BC-B540-910510B12975}.Debug|Any CPU.Build.0 = Debug|Any CPU
		{92DD0F99-4235-44BC-B540-910510B12975}.Release|Any CPU.ActiveCfg = Release|Any CPU
		{92DD0F99-4235-44BC-B540-910510B12975}.Release|Any CPU.Build.0 = Release|Any CPU
		{A113E3A7-7361-40EB-9006-B366CDC90AF2}.Debug|Any CPU.ActiveCfg = Debug|Any CPU
		{A113E3A7-7361-40EB-9006-B366CDC90AF2}.Debug|Any CPU.Build.0 = Debug|Any CPU
		{A113E3A7-7361-40EB-9006-B366CDC90AF2}.Release|Any CPU.ActiveCfg = Release|Any CPU
		{A113E3A7-7361-40EB-9006-B366CDC90AF2}.Release|Any CPU.Build.0 = Release|Any CPU
		{95D29B56-5AFE-4267-A3ED-F3A80685EE0C}.Debug|Any CPU.ActiveCfg = Debug|Any CPU
		{95D29B56-5AFE-4267-A3ED-F3A80685EE0C}.Debug|Any CPU.Build.0 = Debug|Any CPU
		{95D29B56-5AFE-4267-A3ED-F3A80685EE0C}.Release|Any CPU.ActiveCfg = Release|Any CPU
		{95D29B56-5AFE-4267-A3ED-F3A80685EE0C}.Release|Any CPU.Build.0 = Release|Any CPU
	EndGlobalSection
	GlobalSection(SolutionProperties) = preSolution
		HideSolutionNode = FALSE
	EndGlobalSection
	GlobalSection(NestedProjects) = preSolution
		{B6B08B81-9A03-44D2-8AF7-FBBD8610875C} = {A3114E77-54BE-4976-A9E7-B2E17737B901}
		{1FDFD1E7-CC0B-4A69-A315-E26D1D6CFD34} = {A3114E77-54BE-4976-A9E7-B2E17737B901}
		{92DD0F99-4235-44BC-B540-910510B12975} = {583AE8A2-1E0B-4EA1-B9EB-D3845609B296}
		{A113E3A7-7361-40EB-9006-B366CDC90AF2} = {583AE8A2-1E0B-4EA1-B9EB-D3845609B296}
	EndGlobalSection
	GlobalSection(ExtensibilityGlobals) = postSolution
		SolutionGuid = {D5D698CD-191F-4DBA-9AE8-E9DB131B3B07}
	EndGlobalSection
EndGlobal
